capstone==5.0.9 --hash=sha256:732cedbbb56d42e723f14d7af6387f1454194a820b4b96b56d1e53f865ef85d0
comtypes==1.4.17 --hash=sha256:4e0a221dde2c589b82977bed802efd71cd5eb67a380347b732e02735e597f586
numpy==2.4.6 --hash=sha256:1e254a00cdf42b1e4d5b3d68d33af63268d41340d8885df2ab6470f2e1500147
pillow==12.3.0 --hash=sha256:8e95e1385e4998ae9694eeaa4730ba5457ff61185b3a55e2e7bea0880aef452a
psutil==7.2.2 --hash=sha256:eb7e81434c8d223ec4a219b5fc1c47d0417b12be7ea866e24fb5ad6e84b3d988
pycdlib==1.20.0 --hash=sha256:cb675959dd6d61e94f02560ed7e9a5d368a3188b5f7f31813bc25a750cff0863
pyelftools==0.33 --hash=sha256:f215ad5f47d3f1373a21496a6c9e0707c622840d0622f23ff7ce08678b020036
zstandard==0.25.0 --hash=sha256:daab68faadb847063d0c56f361a289c4f268706b598afbf9ad113cbe5c38b6b2
